
Microsoft Visual Studio Solution File, Format Version 12.00
# Visual Studio Version 16
VisualStudioVersion = 16.0.30611.23
MinimumVisualStudioVersion = 10.0.40219.1
Project("{9A19103F-16F7-4668-BE54-9A1E7A4F7556}") = "Memorizer.Server", "Memorizer\Server\Memorizer.Server.csproj", "{5DFD94B2-D0EE-4C74-9488-E0DEF892F54E}"
EndProject
Project("{9A19103F-16F7-4668-BE54-9A1E7A4F7556}") = "Memorizer.Client", "Memorizer\Client\Memorizer.Client.csproj", "{BD2E6476-28B3-4DF5-901B-2C3FBF9FEC1F}"
EndProject
Project("{9A19103F-16F7-4668-BE54-9A1E7A4F7556}") = "Memorizer.Shared", "Memorizer\Shared\Memorizer.Shared.csproj", "{82532B1C-FE4B-4391-8F8D-E3BB00B36799}"
EndProject
Project("{9A19103F-16F7-4668-BE54-9A1E7A4F7556}") = "Memorizer.BL", "Memorizer.BL\Memorizer.BL.csproj", "{9A6252FC-F209-4B96-B12F-8AB6AEE3E77C}"
EndProject
Project("{9A19103F-16F7-4668-BE54-9A1E7A4F7556}") = "Memorizer.Models", "Memorizer.Model\Memorizer.Models.csproj", "{3AA1FFED-48C1-4961-ADE1-E27D42509EC5}"
EndProject
Global
	GlobalSection(SolutionConfigurationPlatforms) = preSolution
		Debug|Any CPU = Debug|Any CPU
		Release|Any CPU = Release|Any CPU
	EndGlobalSection
	GlobalSection(ProjectConfigurationPlatforms) = postSolution
		{5DFD94B2-D0EE-4C74-9488-E0DEF892F54E}.Debug|Any CPU.ActiveCfg = Debug|Any CPU
		{5DFD94B2-D0EE-4C74-9488-E0DEF892F54E}.Debug|Any CPU.Build.0 = Debug|Any CPU
		{5DFD94B2-D0EE-4C74-9488-E0DEF892F54E}.Release|Any CPU.ActiveCfg = Release|Any CPU
		{5DFD94B2-D0EE-4C74-9488-E0DEF892F54E}.Release|Any CPU.Build.0 = Release|Any CPU
		{BD2E6476-28B3-4DF5-901B-2C3FBF9FEC1F}.Debug|Any CPU.ActiveCfg = Debug|Any CPU
		{BD2E6476-28B3-4DF5-901B-2C3FBF9FEC1F}.Debug|Any CPU.Build.0 = Debug|Any CPU
		{BD2E6476-28B3-4DF5-901B-2C3FBF9FEC1F}.Release|Any CPU.ActiveCfg = Release|Any CPU
		{BD2E6476-28B3-4DF5-901B-2C3FBF9FEC1F}.Release|Any CPU.Build.0 = Release|Any CPU
		{82532B1C-FE4B-4391-8F8D-E3BB00B36799}.Debug|Any CPU.ActiveCfg = Debug|Any CPU
		{82532B1C-FE4B-4391-8F8D-E3BB00B36799}.Debug|Any CPU.Build.0 = Debug|Any CPU
		{82532B1C-FE4B-4391-8F8D-E3BB00B36799}.Release|Any CPU.ActiveCfg = Release|Any CPU
		{82532B1C-FE4B-4391-8F8D-E3BB00B36799}.Release|Any CPU.Build.0 = Release|Any CPU
		{9A6252FC-F209-4B96-B12F-8AB6AEE3E77C}.Debug|Any CPU.ActiveCfg = Debug|Any CPU
		{9A6252FC-F209-4B96-B12F-8AB6AEE3E77C}.Debug|Any CPU.Build.0 = Debug|Any CPU
		{9A6252FC-F209-4B96-B12F-8AB6AEE3E77C}.Release|Any CPU.ActiveCfg = Release|Any CPU
		{9A6252FC-F209-4B96-B12F-8AB6AEE3E77C}.Release|Any CPU.Build.0 = Release|Any CPU
		{3AA1FFED-48C1-4961-ADE1-E27D42509EC5}.Debug|Any CPU.ActiveCfg = Debug|Any CPU
		{3AA1FFED-48C1-4961-ADE1-E27D42509EC5}.Debug|Any CPU.Build.0 = Debug|Any CPU
		{3AA1FFED-48C1-4961-ADE1-E27D42509EC5}.Release|Any CPU.ActiveCfg = Release|Any CPU
		{3AA1FFED-48C1-4961-ADE1-E27D42509EC5}.Release|Any CPU.Build.0 = Release|Any CPU
	EndGlobalSection
	GlobalSection(SolutionProperties) = preSolution
		HideSolutionNode = FALSE
	EndGlobalSection
	GlobalSection(ExtensibilityGlobals) = postSolution
		SolutionGuid = {6CFE5B60-4D27-4F87-BB62-3C602AA704C7}
	EndGlobalSection
EndGlobal
